
Microsoft Visual Studio Solution File, Format Version 12.00
# Visual Studio Version 16
VisualStudioVersion = 16.0.30114.105
MinimumVisualStudioVersion = 10.0.40219.1
Project("{FAE04EC0-301F-11D3-BF4B-00C04F79EFBC}") = "FactionInfo", "FactionInfo\FactionInfo.csproj", "{81388257-882C-4FEE-BEF7-524220C3B2C0}"
EndProject
Global
	GlobalSection(SolutionConfigurationPlatforms) = preSolution
		Debug|AMD64 = Debug|AMD64
		Debug|Any CPU = Debug|Any CPU
		Release|AMD64 = Release|AMD64
		Release|Any CPU = Release|Any CPU
	EndGlobalSection
	GlobalSection(ProjectConfigurationPlatforms) = postSolution
		{81388257-882C-4FEE-BEF7-524220C3B2C0}.Debug|AMD64.ActiveCfg = Debug|x64
		{81388257-882C-4FEE-BEF7-524220C3B2C0}.Debug|AMD64.Build.0 = Debug|x64
		{81388257-882C-4FEE-BEF7-524220C3B2C0}.Debug|Any CPU.ActiveCfg = Debug|Any CPU
		{81388257-882C-4FEE-BEF7-524220C3B2C0}.Debug|Any CPU.Build.0 = Debug|Any CPU
		{81388257-882C-4FEE-BEF7-524220C3B2C0}.Release|AMD64.ActiveCfg = Release|x64
		{81388257-882C-4FEE-BEF7-524220C3B2C0}.Release|AMD64.Build.0 = Release|x64
		{81388257-882C-4FEE-BEF7-524220C3B2C0}.Release|Any CPU.ActiveCfg = Release|Any CPU
		{81388257-882C-4FEE-BEF7-524220C3B2C0}.Release|Any CPU.Build.0 = Release|Any CPU
	EndGlobalSection
	GlobalSection(SolutionProperties) = preSolution
		HideSolutionNode = FALSE
	EndGlobalSection
	GlobalSection(ExtensibilityGlobals) = postSolution
		SolutionGuid = {CE7007BF-95C6-4AC4-AF46-7142E8186F12}
	EndGlobalSection
EndGlobal
